{
  "name": "heliot",
  "requires": true,
  "lockfileVersion": 1,
  "dependencies": {
    "esbuild": {
      "version": "0.11.7",
      "resolved": "https://registry.npmjs.org/esbuild/-/esbuild-0.11.7.tgz",
      "integrity": "sha512-rY+jA0TiCFVLcvxUbbp+yQ9EEBXDsfIU4rsY7RKJEsx/fjjRFjyGnamRCBwUZQspK37G9We6xAkX7IibGA24AA=="
    }
  }
}
